// !$*UTF8*$!
{
	archiveVersion = 1;
	classes = {
	};
	objectVersion = 56;
	objects = {

/* Begin PBXBuildFile section */
		D49A33152A2345A200C50A15 /* AppDelegate.swift in Sources */ = {isa = PBXBuildFile; fileRef = D49A33142A2345A200C50A15 /* AppDelegate.swift */; };
		D49A33172A2345A200C50A15 /* SceneDelegate.swift in Sources */ = {isa = PBXBuildFile; fileRef = D49A33162A2345A200C50A15 /* SceneDelegate.swift */; };
		D49A33192A2345A200C50A15 /* ViewController.swift in Sources */ = {isa = PBXBuildFile; fileRef = D49A33182A2345A200C50A15 /* ViewController.swift */; };
		D49A331C2A2345A200C50A15 /* Main.storyboard in Resources */ = {isa = PBXBuildFile; fileRef = D49A331A2A2345A200C50A15 /* Main.storyboard */; };
		D49A331F2A2345A200C50A15 /* Chromalab.xcdatamodeld in Sources */ = {isa = PBXBuildFile; fileRef = D49A331D2A2345A200C50A15 /* Chromalab.xcdatamodeld */; };
		D49A33212A2345A300C50A15 /* Assets.xcassets in Resources */ = {isa = PBXBuildFile; fileRef = D49A33202A2345A300C50A15 /* Assets.xcassets */; };
		D49A33242A2345A300C50A15 /* LaunchScreen.storyboard in Resources */ = {isa = PBXBuildFile; fileRef = D49A33222A2345A300C50A15 /* LaunchScreen.storyboard */; };
		D49A332F2A2345A300C50A15 /* ChromalabTests.swift in Sources */ = {isa = PBXBuildFile; fileRef = D49A332E2A2345A300C50A15 /* ChromalabTests.swift */; };
		D49A33392A2345A300C50A15 /* ChromalabUITests.swift in Sources */ = {isa = PBXBuildFile; fileRef = D49A33382A2345A300C50A15 /* ChromalabUITests.swift */; };
		D49A333B2A2345A300C50A15 /* ChromalabUITestsLaunchTests.swift in Sources */ = {isa = PBXBuildFile; fileRef = D49A333A2A2345A300C50A15 /* ChromalabUITestsLaunchTests.swift */; };
		D49A33482A2346C100C50A15 /* Kodak2383.cube in Resources */ = {isa = PBXBuildFile; fileRef = D49A33472A2346C100C50A15 /* Kodak2383.cube */; };
/* End PBXBuildFile section */

/* Begin PBXContainerItemProxy section */
		D49A332B2A2345A300C50A15 /* PBXContainerItemProxy */ = {
			isa = PBXContainerItemProxy;
			containerPortal = D49A33092A2345A200C50A15 /* Project object */;
			proxyType = 1;
			remoteGlobalIDString = D49A33102A2345A200C50A15;
			remoteInfo = Chromalab;
		};
		D49A33352A2345A300C50A15 /* PBXContainerItemProxy */ = {
			isa = PBXContainerItemProxy;
			containerPortal = D49A33092A2345A200C50A15 /* Project object */;
			proxyType = 1;
			remoteGlobalIDString = D49A33102A2345A200C50A15;
			remoteInfo = Chromalab;
		};
/* End PBXContainerItemProxy section */

/* Begin PBXFileReference section */
		D49A33112A2345A200C50A15 /* Chromalab.app */ = {isa = PBXFileReference; explicitFileType = wrapper.application; includeInIndex = 0; path = Chromalab.app; sourceTree = BUILT_PRODUCTS_DIR; };
		D49A33142A2345A200C50A15 /* AppDelegate.swift */ = {isa = PBXFileReference; lastKnownFileType = sourcecode.swift; path = AppDelegate.swift; sourceTree = "<group>"; };
		D49A33162A2345A200C50A15 /* SceneDelegate.swift */ = {isa = PBXFileReference; lastKnownFileType = sourcecode.swift; path = SceneDelegate.swift; sourceTree = "<group>"; };
		D49A33182A2345A200C50A15 /* ViewController.swift */ = {isa = PBXFileReference; lastKnownFileType = sourcecode.swift; path = ViewController.swift; sourceTree = "<group>"; };
		D49A331B2A2345A200C50A15 /* Base */ = {isa = PBXFileReference; lastKnownFileType = file.storyboard; name = Base; path = Base.lproj/Main.storyboard; sourceTree = "<group>"; };
		D49A331E2A2345A200C50A15 /* Chromalab.xcdatamodel */ = {isa = PBXFileReference; lastKnownFileType = wrapper.xcdatamodel; path = Chromalab.xcdatamodel; sourceTree = "<group>"; };
		D49A33202A2345A300C50A15 /* Assets.xcassets */ = {isa = PBXFileReference; lastKnownFileType = folder.assetcatalog; path = Assets.xcassets; sourceTree = "<group>"; };
		D49A33232A2345A300C50A15 /* Base */ = {isa = PBXFileReference; lastKnownFileType = file.storyboard; name = Base; path = Base.lproj/LaunchScreen.storyboard; sourceTree = "<group>"; };
		D49A33252A2345A300C50A15 /* Info.plist */ = {isa = PBXFileReference; lastKnownFileType = text.plist.xml; path = Info.plist; sourceTree = "<group>"; };
		D49A332A2A2345A300C50A15 /* ChromalabTests.xctest */ = {isa = PBXFileReference; explicitFileType = wrapper.cfbundle; includeInIndex = 0; path = ChromalabTests.xctest; sourceTree = BUILT_PRODUCTS_DIR; };
		D49A332E2A2345A300C50A15 /* ChromalabTests.swift */ = {isa = PBXFileReference; lastKnownFileType = sourcecode.swift; path = ChromalabTests.swift; sourceTree = "<group>"; };
		D49A33342A2345A300C50A15 /* ChromalabUITests.xctest */ = {isa = PBXFileReference; explicitFileType = wrapper.cfbundle; includeInIndex = 0; path = ChromalabUITests.xctest; sourceTree = BUILT_PRODUCTS_DIR; };
		D49A33382A2345A300C50A15 /* ChromalabUITests.swift */ = {isa = PBXFileReference; lastKnownFileType = sourcecode.swift; path = ChromalabUITests.swift; sourceTree = "<group>"; };
		D49A333A2A2345A300C50A15 /* ChromalabUITestsLaunchTests.swift */ = {isa = PBXFileReference; lastKnownFileType = sourcecode.swift; path = ChromalabUITestsLaunchTests.swift; sourceTree = "<group>"; };
		D49A33472A2346C100C50A15 /* Kodak2383.cube */ = {isa = PBXFileReference; fileEncoding = 4; lastKnownFileType = text; name = Kodak2383.cube; path = ../../Kodak2383.cube; sourceTree = "<group>"; };
/* End PBXFileReference section */

/* Begin PBXFrameworksBuildPhase section */
		D49A330E2A2345A200C50A15 /* Frameworks */ = {
			isa = PBXFrameworksBuildPhase;
			buildActionMask = 2147483647;
			files = (
			);
			runOnlyForDeploymentPostprocessing = 0;
		};
		D49A33272A2345A300C50A15 /* Frameworks */ = {
			isa = PBXFrameworksBuildPhase;
			buildActionMask = 2147483647;
			files = (
			);
			runOnlyForDeploymentPostprocessing = 0;
		};
		D49A33312A2345A300C50A15 /* Frameworks */ = {
			isa = PBXFrameworksBuildPhase;
			buildActionMask = 2147483647;
			files = (
			);
			runOnlyForDeploymentPostprocessing = 0;
		};
/* End PBXFrameworksBuildPhase section */

/* Begin PBXGroup section */
		D49A33082A2345A200C50A15 = {
			isa = PBXGroup;
			children = (
				D49A33132A2345A200C50A15 /* Chromalab */,
				D49A332D2A2345A300C50A15 /* ChromalabTests */,
				D49A33372A2345A300C50A15 /* ChromalabUITests */,
				D49A33122A2345A200C50A15 /* Products */,
			);
			sourceTree = "<group>";
		};
		D49A33122A2345A200C50A15 /* Products */ = {
			isa = PBXGroup;
			children = (
				D49A33112A2345A200C50A15 /* Chromalab.app */,
				D49A332A2A2345A300C50A15 /* ChromalabTests.xctest */,
				D49A33342A2345A300C50A15 /* ChromalabUITests.xctest */,
			);
			name = Products;
			sourceTree = "<group>";
		};
		D49A33132A2345A200C50A15 /* Chromalab */ = {
			isa = PBXGroup;
			children = (
				D49A33142A2345A200C50A15 /* AppDelegate.swift */,
				D49A33472A2346C100C50A15 /* Kodak2383.cube */,
				D49A33162A2345A200C50A15 /* SceneDelegate.swift */,
				D49A33182A2345A200C50A15 /* ViewController.swift */,
				D49A331A2A2345A200C50A15 /* Main.storyboard */,
				D49A33202A2345A300C50A15 /* Assets.xcassets */,
				D49A33222A2345A300C50A15 /* LaunchScreen.storyboard */,
				D49A33252A2345A300C50A15 /* Info.plist */,
				D49A331D2A2345A200C50A15 /* Chromalab.xcdatamodeld */,
			);
			path = Chromalab;
			sourceTree = "<group>";
		};
		D49A332D2A2345A300C50A15 /* ChromalabTests */ = {
			isa = PBXGroup;
			children = (
				D49A332E2A2345A300C50A15 /* ChromalabTests.swift */,
			);
			path = ChromalabTests;
			sourceTree = "<group>";
		};
		D49A33372A2345A300C50A15 /* ChromalabUITests */ = {
			isa = PBXGroup;
			children = (
				D49A33382A2345A300C50A15 /* ChromalabUITests.swift */,
				D49A333A2A2345A300C50A15 /* ChromalabUITestsLaunchTests.swift */,
			);
			path = ChromalabUITests;
			sourceTree = "<group>";
		};
/* End PBXGroup section */

/* Begin PBXNativeTarget section */
		D49A33102A2345A200C50A15 /* Chromalab */ = {
			isa = PBXNativeTarget;
			buildConfigurationList = D49A333E2A2345A300C50A15 /* Build configuration list for PBXNativeTarget "Chromalab" */;
			buildPhases = (
				D49A330D2A2345A200C50A15 /* Sources */,
				D49A330E2A2345A200C50A15 /* Frameworks */,
				D49A330F2A2345A200C50A15 /* Resources */,
			);
			buildRules = (
			);
			dependencies = (
			);
			name = Chromalab;
			productName = Chromalab;
			productReference = D49A33112A2345A200C50A15 /* Chromalab.app */;
			productType = "com.apple.product-type.application";
		};
		D49A33292A2345A300C50A15 /* ChromalabTests */ = {
			isa = PBXNativeTarget;
			buildConfigurationList = D49A33412A2345A300C50A15 /* Build configuration list for PBXNativeTarget "ChromalabTests" */;
			buildPhases = (
				D49A33262A2345A300C50A15 /* Sources */,
				D49A33272A2345A300C50A15 /* Frameworks */,
				D49A33282A2345A300C50A15 /* Resources */,
			);
			buildRules = (
			);
			dependencies = (
				D49A332C2A2345A300C50A15 /* PBXTargetDependency */,
			);
			name = ChromalabTests;
			productName = ChromalabTests;
			productReference = D49A332A2A2345A300C50A15 /* ChromalabTests.xctest */;
			productType = "com.apple.product-type.bundle.unit-test";
		};
		D49A33332A2345A300C50A15 /* ChromalabUITests */ = {
			isa = PBXNativeTarget;
			buildConfigurationList = D49A33442A2345A300C50A15 /* Build configuration list for PBXNativeTarget "ChromalabUITests" */;
			buildPhases = (
				D49A33302A2345A300C50A15 /* Sources */,
				D49A33312A2345A300C50A15 /* Frameworks */,
				D49A33322A2345A300C50A15 /* Resources */,
			);
			buildRules = (
			);
			dependencies = (
				D49A33362A2345A300C50A15 /* PBXTargetDependency */,
			);
			name = ChromalabUITests;
			productName = ChromalabUITests;
			productReference = D49A33342A2345A300C50A15 /* ChromalabUITests.xctest */;
			productType = "com.apple.product-type.bundle.ui-testing";
		};
/* End PBXNativeTarget section */

/* Begin PBXProject section */
		D49A33092A2345A200C50A15 /* Project object */ = {
			isa = PBXProject;
			attributes = {
				BuildIndependentTargetsInParallel = 1;
				LastSwiftUpdateCheck = 1430;
				LastUpgradeCheck = 1430;
				TargetAttributes = {
					D49A33102A2345A200C50A15 = {
						CreatedOnToolsVersion = 14.3.1;
					};
					D49A33292A2345A300C50A15 = {
						CreatedOnToolsVersion = 14.3.1;
						TestTargetID = D49A33102A2345A200C50A15;
					};
					D49A33332A2345A300C50A15 = {
						CreatedOnToolsVersion = 14.3.1;
						TestTargetID = D49A33102A2345A200C50A15;
					};
				};
			};
			buildConfigurationList = D49A330C2A2345A200C50A15 /* Build configuration list for PBXProject "Chromalab" */;
			compatibilityVersion = "Xcode 14.0";
			developmentRegion = en;
			hasScannedForEncodings = 0;
			knownRegions = (
				en,
				Base,
			);
			mainGroup = D49A33082A2345A200C50A15;
			productRefGroup = D49A33122A2345A200C50A15 /* Products */;
			projectDirPath = "";
			projectRoot = "";
			targets = (
				D49A33102A2345A200C50A15 /* Chromalab */,
				D49A33292A2345A300C50A15 /* ChromalabTests */,
				D49A33332A2345A300C50A15 /* ChromalabUITests */,
			);
		};
/* End PBXProject section */

/* Begin PBXResourcesBuildPhase section */
		D49A330F2A2345A200C50A15 /* Resources */ = {
			isa = PBXResourcesBuildPhase;
			buildActionMask = 2147483647;
			files = (
				D49A33242A2345A300C50A15 /* LaunchScreen.storyboard in Resources */,
				D49A33482A2346C100C50A15 /* Kodak2383.cube in Resources */,
				D49A33212A2345A300C50A15 /* Assets.xcassets in Resources */,
				D49A331C2A2345A200C50A15 /* Main.storyboard in Resources */,
			);
			runOnlyForDeploymentPostprocessing = 0;
		};
		D49A33282A2345A300C50A15 /* Resources */ = {
			isa = PBXResourcesBuildPhase;
			buildActionMask = 2147483647;
			files = (
			);
			runOnlyForDeploymentPostprocessing = 0;
		};
		D49A33322A2345A300C50A15 /* Resources */ = {
			isa = PBXResourcesBuildPhase;
			buildActionMask = 2147483647;
			files = (
			);
			runOnlyForDeploymentPostprocessing = 0;
		};
/* End PBXResourcesBuildPhase section */

/* Begin PBXSourcesBuildPhase section */
		D49A330D2A2345A200C50A15 /* Sources */ = {
			isa = PBXSourcesBuildPhase;
			buildActionMask = 2147483647;
			files = (
				D49A33192A2345A200C50A15 /* ViewController.swift in Sources */,
				D49A33152A2345A200C50A15 /* AppDelegate.swift in Sources */,
				D49A33172A2345A200C50A15 /* SceneDelegate.swift in Sources */,
				D49A331F2A2345A200C50A15 /* Chromalab.xcdatamodeld in Sources */,
			);
			runOnlyForDeploymentPostprocessing = 0;
		};
		D49A33262A2345A300C50A15 /* Sources */ = {
			isa = PBXSourcesBuildPhase;
			buildActionMask = 2147483647;
			files = (
				D49A332F2A2345A300C50A15 /* ChromalabTests.swift in Sources */,
			);
			runOnlyForDeploymentPostprocessing = 0;
		};
		D49A33302A2345A300C50A15 /* Sources */ = {
			isa = PBXSourcesBuildPhase;
			buildActionMask = 2147483647;
			files = (
				D49A333B2A2345A300C50A15 /* ChromalabUITestsLaunchTests.swift in Sources */,
				D49A33392A2345A300C50A15 /* ChromalabUITests.swift in Sources */,
			);
			runOnlyForDeploymentPostprocessing = 0;
		};
/* End PBXSourcesBuildPhase section */

/* Begin PBXTargetDependency section */
		D49A332C2A2345A300C50A15 /* PBXTargetDependency */ = {
			isa = PBXTargetDependency;
			target = D49A33102A2345A200C50A15 /* Chromalab */;
			targetProxy = D49A332B2A2345A300C50A15 /* PBXContainerItemProxy */;
		};
		D49A33362A2345A300C50A15 /* PBXTargetDependency */ = {
			isa = PBXTargetDependency;
			target = D49A33102A2345A200C50A15 /* Chromalab */;
			targetProxy = D49A33352A2345A300C50A15 /* PBXContainerItemProxy */;
		};
/* End PBXTargetDependency section */

/* Begin PBXVariantGroup section */
		D49A331A2A2345A200C50A15 /* Main.storyboard */ = {
			isa = PBXVariantGroup;
			children = (
				D49A331B2A2345A200C50A15 /* Base */,
			);
			name = Main.storyboard;
			sourceTree = "<group>";
		};
		D49A33222A2345A300C50A15 /* LaunchScreen.storyboard */ = {
			isa = PBXVariantGroup;
			children = (
				D49A33232A2345A300C50A15 /* Base */,
			);
			name = LaunchScreen.storyboard;
			sourceTree = "<group>";
		};
/* End PBXVariantGroup section */

/* Begin XCBuildConfiguration section */
		D49A333C2A2345A300C50A15 /* Debug */ = {
			isa = XCBuildConfiguration;
			buildSettings = {
				ALWAYS_SEARCH_USER_PATHS = NO;
				CLANG_ANALYZER_NONNULL = YES;
				CLANG_ANALYZER_NUMBER_OBJECT_CONVERSION = YES_AGGRESSIVE;
				CLANG_CXX_LANGUAGE_STANDARD = "gnu++20";
				CLANG_ENABLE_MODULES = YES;
				CLANG_ENABLE_OBJC_ARC = YES;
				CLANG_ENABLE_OBJC_WEAK = YES;
				CLANG_WARN_BLOCK_CAPTURE_AUTORELEASING = YES;
				CLANG_WARN_BOOL_CONVERSION = YES;
				CLANG_WARN_COMMA = YES;
				CLANG_WARN_CONSTANT_CONVERSION = YES;
				CLANG_WARN_DEPRECATED_OBJC_IMPLEMENTATIONS = YES;
				CLANG_WARN_DIRECT_OBJC_ISA_USAGE = YES_ERROR;
				CLANG_WARN_DOCUMENTATION_COMMENTS = YES;
				CLANG_WARN_EMPTY_BODY = YES;
				CLANG_WARN_ENUM_CONVERSION = YES;
				CLANG_WARN_INFINITE_RECURSION = YES;
				CLANG_WARN_INT_CONVERSION = YES;
				CLANG_WARN_NON_LITERAL_NULL_CONVERSION = YES;
				CLANG_WARN_OBJC_IMPLICIT_RETAIN_SELF = YES;
				CLANG_WARN_OBJC_LITERAL_CONVERSION = YES;
				CLANG_WARN_OBJC_ROOT_CLASS = YES_ERROR;
				CLANG_WARN_QUOTED_INCLUDE_IN_FRAMEWORK_HEADER = YES;
				CLANG_WARN_RANGE_LOOP_ANALYSIS = YES;
				CLANG_WARN_STRICT_PROTOTYPES = YES;
				CLANG_WARN_SUSPICIOUS_MOVE = YES;
				CLANG_WARN_UNGUARDED_AVAILABILITY = YES_AGGRESSIVE;
				CLANG_WARN_UNREACHABLE_CODE = YES;
				CLANG_WARN__DUPLICATE_METHOD_MATCH = YES;
				COPY_PHASE_STRIP = NO;
				DEBUG_INFORMATION_FORMAT = dwarf;
				ENABLE_STRICT_OBJC_MSGSEND = YES;
				ENABLE_TESTABILITY = YES;
				GCC_C_LANGUAGE_STANDARD = gnu11;
				GCC_DYNAMIC_NO_PIC = NO;
				GCC_NO_COMMON_BLOCKS = YES;
				GCC_OPTIMIZATION_LEVEL = 0;
				GCC_PREPROCESSOR_DEFINITIONS = (
					"DEBUG=1",
					"$(inherited)",
				);
				GCC_WARN_64_TO_32_BIT_CONVERSION = YES;
				GCC_WARN_ABOUT_RETURN_TYPE = YES_ERROR;
				GCC_WARN_UNDECLARED_SELECTOR = YES;
				GCC_WARN_UNINITIALIZED_AUTOS = YES_AGGRESSIVE;
				GCC_WARN_UNUSED_FUNCTION = YES;
				GCC_WARN_UNUSED_VARIABLE = YES;
				IPHONEOS_DEPLOYMENT_TARGET = 16.4;
				MTL_ENABLE_DEBUG_INFO = INCLUDE_SOURCE;
				MTL_FAST_MATH = YES;
				ONLY_ACTIVE_ARCH = YES;
				SDKROOT = iphoneos;
				SWIFT_ACTIVE_COMPILATION_CONDITIONS = DEBUG;
				SWIFT_OPTIMIZATION_LEVEL = "-Onone";
			};
			name = Debug;
		};
		D49A333D2A2345A300C50A15 /* Release */ = {
			isa = XCBuildConfiguration;
			buildSettings = {
				ALWAYS_SEARCH_USER_PATHS = NO;
				CLANG_ANALYZER_NONNULL = YES;
				CLANG_ANALYZER_NUMBER_OBJECT_CONVERSION = YES_AGGRESSIVE;
				CLANG_CXX_LANGUAGE_STANDARD = "gnu++20";
				CLANG_ENABLE_MODULES = YES;
				CLANG_ENABLE_OBJC_ARC = YES;
				CLANG_ENABLE_OBJC_WEAK = YES;
				CLANG_WARN_BLOCK_CAPTURE_AUTORELEASING = YES;
				CLANG_WARN_BOOL_CONVERSION = YES;
				CLANG_WARN_COMMA = YES;
				CLANG_WARN_CONSTANT_CONVERSION = YES;
				CLANG_WARN_DEPRECATED_OBJC_IMPLEMENTATIONS = YES;
				CLANG_WARN_DIRECT_OBJC_ISA_USAGE = YES_ERROR;
				CLANG_WARN_DOCUMENTATION_COMMENTS = YES;
				CLANG_WARN_EMPTY_BODY = YES;
				CLANG_WARN_ENUM_CONVERSION = YES;
				CLANG_WARN_INFINITE_RECURSION = YES;
				CLANG_WARN_INT_CONVERSION = YES;
				CLANG_WARN_NON_LITERAL_NULL_CONVERSION = YES;
				CLANG_WARN_OBJC_IMPLICIT_RETAIN_SELF = YES;
				CLANG_WARN_OBJC_LITERAL_CONVERSION = YES;
				CLANG_WARN_OBJC_ROOT_CLASS = YES_ERROR;
				CLANG_WARN_QUOTED_INCLUDE_IN_FRAMEWORK_HEADER = YES;
				CLANG_WARN_RANGE_LOOP_ANALYSIS = YES;
				CLANG_WARN_STRICT_PROTOTYPES = YES;
				CLANG_WARN_SUSPICIOUS_MOVE = YES;
				CLANG_WARN_UNGUARDED_AVAILABILITY = YES_AGGRESSIVE;
				CLANG_WARN_UNREACHABLE_CODE = YES;
				CLANG_WARN__DUPLICATE_METHOD_MATCH = YES;
				COPY_PHASE_STRIP = NO;
				DEBUG_INFORMATION_FORMAT = "dwarf-with-dsym";
				ENABLE_NS_ASSERTIONS = NO;
				ENABLE_STRICT_OBJC_MSGSEND = YES;
				GCC_C_LANGUAGE_STANDARD = gnu11;
				GCC_NO_COMMON_BLOCKS = YES;
				GCC_WARN_64_TO_32_BIT_CONVERSION = YES;
				GCC_WARN_ABOUT_RETURN_TYPE = YES_ERROR;
				GCC_WARN_UNDECLARED_SELECTOR = YES;
				GCC_WARN_UNINITIALIZED_AUTOS = YES_AGGRESSIVE;
				GCC_WARN_UNUSED_FUNCTION = YES;
				GCC_WARN_UNUSED_VARIABLE = YES;
				IPHONEOS_DEPLOYMENT_TARGET = 16.4;
				MTL_ENABLE_DEBUG_INFO = NO;
				MTL_FAST_MATH = YES;
				SDKROOT = iphoneos;
				SWIFT_COMPILATION_MODE = wholemodule;
				SWIFT_OPTIMIZATION_LEVEL = "-O";
				VALIDATE_PRODUCT = YES;
			};
			name = Release;
		};
		D49A333F2A2345A300C50A15 /* Debug */ = {
			isa = XCBuildConfiguration;
			buildSettings = {
				ASSETCATALOG_COMPILER_APPICON_NAME = AppIcon;
				ASSETCATALOG_COMPILER_GLOBAL_ACCENT_COLOR_NAME = AccentColor;
				CODE_SIGN_STYLE = Automatic;
				CURRENT_PROJECT_VERSION = 1;
				DEVELOPMENT_TEAM = MPE5NX6778;
				GENERATE_INFOPLIST_FILE = YES;
				INFOPLIST_FILE = Chromalab/Info.plist;
				INFOPLIST_KEY_UIApplicationSupportsIndirectInputEvents = YES;
				INFOPLIST_KEY_UILaunchStoryboardName = LaunchScreen;
				INFOPLIST_KEY_UIMainStoryboardFile = Main;
				INFOPLIST_KEY_UISupportedInterfaceOrientations_iPad = "UIInterfaceOrientationPortrait UIInterfaceOrientationPortraitUpsideDown UIInterfaceOrientationLandscapeLeft UIInterfaceOrientationLandscapeRight";
				INFOPLIST_KEY_UISupportedInterfaceOrientations_iPhone = "UIInterfaceOrientationPortrait UIInterfaceOrientationLandscapeLeft UIInterfaceOrientationLandscapeRight";
				LD_RUNPATH_SEARCH_PATHS = (
					"$(inherited)",
					"@executable_path/Frameworks",
				);
				MARKETING_VERSION = 1.0;
				PRODUCT_BUNDLE_IDENTIFIER = PaperChainMedia.Chromalab;
				PRODUCT_NAME = "$(TARGET_NAME)";
				SWIFT_EMIT_LOC_STRINGS = YES;
				SWIFT_VERSION = 5.0;
				TARGETED_DEVICE_FAMILY = "1,2";
			};
			name = Debug;
		};
		D49A33402A2345A300C50A15 /* Release */ = {
			isa = XCBuildConfiguration;
			buildSettings = {
				ASSETCATALOG_COMPILER_APPICON_NAME = AppIcon;
				ASSETCATALOG_COMPILER_GLOBAL_ACCENT_COLOR_NAME = AccentColor;
				CODE_SIGN_STYLE = Automatic;
				CURRENT_PROJECT_VERSION = 1;
				DEVELOPMENT_TEAM = MPE5NX6778;
				GENERATE_INFOPLIST_FILE = YES;
				INFOPLIST_FILE = Chromalab/Info.plist;
				INFOPLIST_KEY_UIApplicationSupportsIndirectInputEvents = YES;
				INFOPLIST_KEY_UILaunchStoryboardName = LaunchScreen;
				INFOPLIST_KEY_UIMainStoryboardFile = Main;
				INFOPLIST_KEY_UISupportedInterfaceOrientations_iPad = "UIInterfaceOrientationPortrait UIInterfaceOrientationPortraitUpsideDown UIInterfaceOrientationLandscapeLeft UIInterfaceOrientationLandscapeRight";
				INFOPLIST_KEY_UISupportedInterfaceOrientations_iPhone = "UIInterfaceOrientationPortrait UIInterfaceOrientationLandscapeLeft UIInterfaceOrientationLandscapeRight";
				LD_RUNPATH_SEARCH_PATHS = (
					"$(inherited)",
					"@executable_path/Frameworks",
				);
				MARKETING_VERSION = 1.0;
				PRODUCT_BUNDLE_IDENTIFIER = PaperChainMedia.Chromalab;
				PRODUCT_NAME = "$(TARGET_NAME)";
				SWIFT_EMIT_LOC_STRINGS = YES;
				SWIFT_VERSION = 5.0;
				TARGETED_DEVICE_FAMILY = "1,2";
			};
			name = Release;
		};
		D49A33422A2345A300C50A15 /* Debug */ = {
			isa = XCBuildConfiguration;
			buildSettings = {
				ALWAYS_EMBED_SWIFT_STANDARD_LIBRARIES = YES;
				BUNDLE_LOADER = "$(TEST_HOST)";
				CODE_SIGN_STYLE = Automatic;
				CURRENT_PROJECT_VERSION = 1;
				DEVELOPMENT_TEAM = MPE5NX6778;
				GENERATE_INFOPLIST_FILE = YES;
				IPHONEOS_DEPLOYMENT_TARGET = 16.4;
				MARKETING_VERSION = 1.0;
				PRODUCT_BUNDLE_IDENTIFIER = PaperChainMedia.ChromalabTests;
				PRODUCT_NAME = "$(TARGET_NAME)";
				SWIFT_EMIT_LOC_STRINGS = NO;
				SWIFT_VERSION = 5.0;
				TARGETED_DEVICE_FAMILY = "1,2";
				TEST_HOST = "$(BUILT_PRODUCTS_DIR)/Chromalab.app/$(BUNDLE_EXECUTABLE_FOLDER_PATH)/Chromalab";
			};
			name = Debug;
		};
		D49A33432A2345A300C50A15 /* Release */ = {
			isa = XCBuildConfiguration;
			buildSettings = {
				ALWAYS_EMBED_SWIFT_STANDARD_LIBRARIES = YES;
				BUNDLE_LOADER = "$(TEST_HOST)";
				CODE_SIGN_STYLE = Automatic;
				CURRENT_PROJECT_VERSION = 1;
				DEVELOPMENT_TEAM = MPE5NX6778;
				GENERATE_INFOPLIST_FILE = YES;
				IPHONEOS_DEPLOYMENT_TARGET = 16.4;
				MARKETING_VERSION = 1.0;
				PRODUCT_BUNDLE_IDENTIFIER = PaperChainMedia.ChromalabTests;
				PRODUCT_NAME = "$(TARGET_NAME)";
				SWIFT_EMIT_LOC_STRINGS = NO;
				SWIFT_VERSION = 5.0;
				TARGETED_DEVICE_FAMILY = "1,2";
				TEST_HOST = "$(BUILT_PRODUCTS_DIR)/Chromalab.app/$(BUNDLE_EXECUTABLE_FOLDER_PATH)/Chromalab";
			};
			name = Release;
		};
		D49A33452A2345A300C50A15 /* Debug */ = {
			isa = XCBuildConfiguration;
			buildSettings = {
				ALWAYS_EMBED_SWIFT_STANDARD_LIBRARIES = YES;
				CODE_SIGN_STYLE = Automatic;
				CURRENT_PROJECT_VERSION = 1;
				DEVELOPMENT_TEAM = MPE5NX6778;
				GENERATE_INFOPLIST_FILE = YES;
				MARKETING_VERSION = 1.0;
				PRODUCT_BUNDLE_IDENTIFIER = PaperChainMedia.ChromalabUITests;
				PRODUCT_NAME = "$(TARGET_NAME)";
				SWIFT_EMIT_LOC_STRINGS = NO;
				SWIFT_VERSION = 5.0;
				TARGETED_DEVICE_FAMILY = "1,2";
				TEST_TARGET_NAME = Chromalab;
			};
			name = Debug;
		};
		D49A33462A2345A300C50A15 /* Release */ = {
			isa = XCBuildConfiguration;
			buildSettings = {
				ALWAYS_EMBED_SWIFT_STANDARD_LIBRARIES = YES;
				CODE_SIGN_STYLE = Automatic;
				CURRENT_PROJECT_VERSION = 1;
				DEVELOPMENT_TEAM = MPE5NX6778;
				GENERATE_INFOPLIST_FILE = YES;
				MARKETING_VERSION = 1.0;
				PRODUCT_BUNDLE_IDENTIFIER = PaperChainMedia.ChromalabUITests;
				PRODUCT_NAME = "$(TARGET_NAME)";
				SWIFT_EMIT_LOC_STRINGS = NO;
				SWIFT_VERSION = 5.0;
				TARGETED_DEVICE_FAMILY = "1,2";
				TEST_TARGET_NAME = Chromalab;
			};
			name = Release;
		};
/* End XCBuildConfiguration section */

/* Begin XCConfigurationList section */
		D49A330C2A2345A200C50A15 /* Build configuration list for PBXProject "Chromalab" */ = {
			isa = XCConfigurationList;
			buildConfigurations = (
				D49A333C2A2345A300C50A15 /* Debug */,
				D49A333D2A2345A300C50A15 /* Release */,
			);
			defaultConfigurationIsVisible = 0;
			defaultConfigurationName = Release;
		};
		D49A333E2A2345A300C50A15 /* Build configuration list for PBXNativeTarget "Chromalab" */ = {
			isa = XCConfigurationList;
			buildConfigurations = (
				D49A333F2A2345A300C50A15 /* Debug */,
				D49A33402A2345A300C50A15 /* Release */,
			);
			defaultConfigurationIsVisible = 0;
			defaultConfigurationName = Release;
		};
		D49A33412A2345A300C50A15 /* Build configuration list for PBXNativeTarget "ChromalabTests" */ = {
			isa = XCConfigurationList;
			buildConfigurations = (
				D49A33422A2345A300C50A15 /* Debug */,
				D49A33432A2345A300C50A15 /* Release */,
			);
			defaultConfigurationIsVisible = 0;
			defaultConfigurationName = Release;
		};
		D49A33442A2345A300C50A15 /* Build configuration list for PBXNativeTarget "ChromalabUITests" */ = {
			isa = XCConfigurationList;
			buildConfigurations = (
				D49A33452A2345A300C50A15 /* Debug */,
				D49A33462A2345A300C50A15 /* Release */,
			);
			defaultConfigurationIsVisible = 0;
			defaultConfigurationName = Release;
		};
/* End XCConfigurationList section */

/* Begin XCVersionGroup section */
		D49A331D2A2345A200C50A15 /* Chromalab.xcdatamodeld */ = {
			isa = XCVersionGroup;
			children = (
				D49A331E2A2345A200C50A15 /* Chromalab.xcdatamodel */,
			);
			currentVersion = D49A331E2A2345A200C50A15 /* Chromalab.xcdatamodel */;
			path = Chromalab.xcdatamodeld;
			sourceTree = "<group>";
			versionGroupType = wrapper.xcdatamodel;
		};
/* End XCVersionGroup section */
	};
	rootObject = D49A33092A2345A200C50A15 /* Project object */;
}
